
Microsoft Visual Studio Solution File, Format Version 12.00
# Visual Studio 15
VisualStudioVersion = 15.0.28307.1062
MinimumVisualStudioVersion = 10.0.40219.1
Project("{FAE04EC0-301F-11D3-BF4B-00C04F79EFBC}") = "CheckersProject", "CheckersProject\CheckersProject.csproj", "{A5CF54F1-68A2-4E7A-A5C2-DD9063B43976}"
EndProject
Project("{FAE04EC0-301F-11D3-BF4B-00C04F79EFBC}") = "DamkaForms", "DamkaForms\DamkaForms.csproj", "{0B5A42E5-AC97-4575-BAA9-FF64A945DC57}"
EndProject
Global
	GlobalSection(SolutionConfigurationPlatforms) = preSolution
		Debug|Any CPU = Debug|Any CPU
		Release|Any CPU = Release|Any CPU
	EndGlobalSection
	GlobalSection(ProjectConfigurationPlatforms) = postSolution
		{A5CF54F1-68A2-4E7A-A5C2-DD9063B43976}.Debug|Any CPU.ActiveCfg = Debug|Any CPU
		{A5CF54F1-68A2-4E7A-A5C2-DD9063B43976}.Debug|Any CPU.Build.0 = Debug|Any CPU
		{A5CF54F1-68A2-4E7A-A5C2-DD9063B43976}.Release|Any CPU.ActiveCfg = Release|Any CPU
		{A5CF54F1-68A2-4E7A-A5C2-DD9063B43976}.Release|Any CPU.Build.0 = Release|Any CPU
		{0B5A42E5-AC97-4575-BAA9-FF64A945DC57}.Debug|Any CPU.ActiveCfg = Debug|Any CPU
		{0B5A42E5-AC97-4575-BAA9-FF64A945DC57}.Debug|Any CPU.Build.0 = Debug|Any CPU
		{0B5A42E5-AC97-4575-BAA9-FF64A945DC57}.Release|Any CPU.ActiveCfg = Release|Any CPU
		{0B5A42E5-AC97-4575-BAA9-FF64A945DC57}.Release|Any CPU.Build.0 = Release|Any CPU
	EndGlobalSection
	GlobalSection(SolutionProperties) = preSolution
		HideSolutionNode = FALSE
	EndGlobalSection
	GlobalSection(ExtensibilityGlobals) = postSolution
		SolutionGuid = {C8CFC29C-09F4-4382-ACC4-1AF35ECE4198}
	EndGlobalSection
EndGlobal
